{
  "requires": true,
  "lockfileVersion": 1,
  "dependencies": {
    "purty": {
      "version": "7.0.0",
      "resolved": "https://registry.npmjs.org/purty/-/purty-7.0.0.tgz",
      "integrity": "sha512-gHHghPEjRY39GUJ8KnOMRfPArJILGCXwEhX6BmEdNiLgZuCjLLBLyawGiKFjYMfy8H5Dsk5NbgwIGslrPrernA=="
    }
  }
}
